<?xml version="1.0" encoding="utf-8"?>
<Project ToolsVersion="4.0" xmlns="http://schemas.microsoft.com/developer/msbuild/2003">
  <ItemGroup>
    <Filter Include="Source files">
      <UniqueIdentifier>{aedbbfb4-8227-479e-b283-6d1037a14359}</UniqueIdentifier>
      <Extensions>cpp;c;cc;cxx;def;odl;idl;hpj;bat;asm;asmx</Extensions>
    </Filter>
    <Filter Include="Source files\Device-specific files">
      <UniqueIdentifier>{5c5b1df9-c196-4dd3-8db4-7299867dc4a3}</UniqueIdentifier>
    </Filter>
    <Filter Include="VisualGDB settings">
      <UniqueIdentifier>{8358fbbb-ab20-4b03-b7f7-8056691f1398}</UniqueIdentifier>
      <Extensions>vgdbsettings</Extensions>
    </Filter>
  </ItemGroup>
  <ItemGroup>
    <None Include="stm32.props">
      <Filter>Source files\Device-specific files</Filter>
    </None>
    <None Include="spring-Debug.vgdbsettings">
      <Filter>VisualGDB settings</Filter>
    </None>
    <None Include="spring-Release.vgdbsettings">
      <Filter>VisualGDB settings</Filter>
    </None>
    <None Include="serial_monitor.py">
      <Filter>Source files</Filter>
    </None>
  </ItemGroup>
  <ItemGroup>
    <Xml Include="stm32.xml">
      <Filter>VisualGDB settings</Filter>
    </Xml>
  </ItemGroup>
  <ItemGroup>
    <ClCompile Include="spring.cpp">
      <Filter>Source files</Filter>
    </ClCompile>
    <ClCompile Include="..\daisyexamples\libDaisy\core\startup_stm32h750xx.c">
      <Filter>Source files</Filter>
    </ClCompile>
    <ClCompile Include="voice.cpp">
      <Filter>Source files</Filter>
    </ClCompile>
    <ClCompile Include="utilities.cpp">
      <Filter>Source files</Filter>
    </ClCompile>
    <ClCompile Include="filter.cpp">
      <Filter>Source files</Filter>
    </ClCompile>
    <ClCompile Include="oscvoice.cpp">
      <Filter>Source files</Filter>
    </ClCompile>
    <ClCompile Include="springvoice.cpp">
      <Filter>Source files</Filter>
    </ClCompile>
    <ClCompile Include="malletvoice.cpp">
      <Filter>Source files</Filter>
    </ClCompile>
    <ClCompile Include="midimap.cpp">
      <Filter>Source files</Filter>
    </ClCompile>
    <ClCompile Include="hihatvoice.cpp">
      <Filter>Source files</Filter>
    </ClCompile>
    <ClCompile Include="noisevoice.cpp">
      <Filter>Source files</Filter>
    </ClCompile>
  </ItemGroup>
  <ItemGroup>
    <ClInclude Include="voice.h">
      <Filter>Source files</Filter>
    </ClInclude>
    <ClInclude Include="utilities.h">
      <Filter>Source files</Filter>
    </ClInclude>
    <ClInclude Include="filter.h">
      <Filter>Source files</Filter>
    </ClInclude>
    <ClInclude Include="midimap.h">
      <Filter>Source files</Filter>
    </ClInclude>
  </ItemGroup>
</Project>