
Microsoft Visual Studio Solution File, Format Version 12.00
# Visual Studio Version 16
VisualStudioVersion = 16.0.32002.261
MinimumVisualStudioVersion = 10.0.40219.1
Project("{8BC9CEB8-8B4A-11D0-8D11-00A0C91BC942}") = "spring", "spring.vcxproj", "{9B81B162-E3DF-4706-938C-CAF2ABBF761C}"
EndProject
Project("{8BC9CEB8-8B4A-11D0-8D11-00A0C91BC942}") = "libdaisy", "..\daisyexamples\libDaisy\libdaisy.vcxproj", "{1B07A9D3-1E1B-488A-9817-4B13EECA191C}"
EndProject
Project("{8BC9CEB8-8B4A-11D0-8D11-00A0C91BC942}") = "daisysp", "..\daisyexamples\DaisySP\vs\daisysp.vcxproj", "{44F4AEA3-A6B2-4F03-9C28-34B2336BDF57}"
EndProject
Global
	GlobalSection(SolutionConfigurationPlatforms) = preSolution
		Debug|VisualGDB = Debug|VisualGDB
		Debug|x64 = Debug|x64
		Release|VisualGDB = Release|VisualGDB
		Release|x64 = Release|x64
	EndGlobalSection
	GlobalSection(ProjectConfigurationPlatforms) = postSolution
		{9B81B162-E3DF-4706-938C-CAF2ABBF761C}.Debug|VisualGDB.ActiveCfg = Debug|VisualGDB
		{9B81B162-E3DF-4706-938C-CAF2ABBF761C}.Debug|VisualGDB.Build.0 = Debug|VisualGDB
		{9B81B162-E3DF-4706-938C-CAF2ABBF761C}.Debug|x64.ActiveCfg = Debug|VisualGDB
		{9B81B162-E3DF-4706-938C-CAF2ABBF761C}.Release|VisualGDB.ActiveCfg = Release|VisualGDB
		{9B81B162-E3DF-4706-938C-CAF2ABBF761C}.Release|VisualGDB.Build.0 = Release|VisualGDB
		{9B81B162-E3DF-4706-938C-CAF2ABBF761C}.Release|x64.ActiveCfg = Release|VisualGDB
		{1B07A9D3-1E1B-488A-9817-4B13EECA191C}.Debug|VisualGDB.ActiveCfg = Debug|VisualGDB
		{1B07A9D3-1E1B-488A-9817-4B13EECA191C}.Debug|VisualGDB.Build.0 = Debug|VisualGDB
		{1B07A9D3-1E1B-488A-9817-4B13EECA191C}.Debug|x64.ActiveCfg = Debug|x64
		{1B07A9D3-1E1B-488A-9817-4B13EECA191C}.Debug|x64.Build.0 = Debug|x64
		{1B07A9D3-1E1B-488A-9817-4B13EECA191C}.Release|VisualGDB.ActiveCfg = Release|VisualGDB
		{1B07A9D3-1E1B-488A-9817-4B13EECA191C}.Release|VisualGDB.Build.0 = Release|VisualGDB
		{1B07A9D3-1E1B-488A-9817-4B13EECA191C}.Release|x64.ActiveCfg = Release|x64
		{1B07A9D3-1E1B-488A-9817-4B13EECA191C}.Release|x64.Build.0 = Release|x64
		{44F4AEA3-A6B2-4F03-9C28-34B2336BDF57}.Debug|VisualGDB.ActiveCfg = Debug|VisualGDB
		{44F4AEA3-A6B2-4F03-9C28-34B2336BDF57}.Debug|VisualGDB.Build.0 = Debug|VisualGDB
		{44F4AEA3-A6B2-4F03-9C28-34B2336BDF57}.Debug|x64.ActiveCfg = Debug|x64
		{44F4AEA3-A6B2-4F03-9C28-34B2336BDF57}.Debug|x64.Build.0 = Debug|x64
		{44F4AEA3-A6B2-4F03-9C28-34B2336BDF57}.Release|VisualGDB.ActiveCfg = Release|VisualGDB
		{44F4AEA3-A6B2-4F03-9C28-34B2336BDF57}.Release|VisualGDB.Build.0 = Release|VisualGDB
		{44F4AEA3-A6B2-4F03-9C28-34B2336BDF57}.Release|x64.ActiveCfg = Release|x64
		{44F4AEA3-A6B2-4F03-9C28-34B2336BDF57}.Release|x64.Build.0 = Release|x64
	EndGlobalSection
	GlobalSection(SolutionProperties) = preSolution
		HideSolutionNode = FALSE
	EndGlobalSection
	GlobalSection(ExtensibilityGlobals) = postSolution
		SolutionGuid = {C3FAEC1B-C013-4127-8DB6-DC5260806589}
	EndGlobalSection
EndGlobal
