<?xml version="1.0" encoding="utf-8"?>
<Project ToolsVersion="4.0" xmlns="http://schemas.microsoft.com/developer/msbuild/2003">
  <ItemGroup>
    <Filter Include="Source files">
      <UniqueIdentifier>{aedbbfb4-8227-479e-b283-6d1037a14359}</UniqueIdentifier>
      <Extensions>cpp;c;cc;cxx;def;odl;idl;hpj;bat;asm;asmx</Extensions>
    </Filter>
    <Filter Include="Header files">
      <UniqueIdentifier>{af3833bf-843a-4ddc-8d80-24a39882a8b5}</UniqueIdentifier>
      <Extensions>h;hpp;hxx;hm;inl;inc;xsd</Extensions>
    </Filter>
    <Filter Include="Resource files">
      <UniqueIdentifier>{df755e5e-c993-4c22-9791-c6d646897a24}</UniqueIdentifier>
      <Extensions>rc;ico;cur;bmp;dlg;rc2;rct;bin;rgs;gif;jpg;jpeg;jpe;resx;tiff;tif;png;wav</Extensions>
    </Filter>
    <Filter Include="Source files\Device-specific files">
      <UniqueIdentifier>{5c5b1df9-c196-4dd3-8db4-7299867dc4a3}</UniqueIdentifier>
    </Filter>
    <Filter Include="Header files\Device-specific files">
      <UniqueIdentifier>{be40ddae-9ef3-4000-b7bd-e241ae24afa4}</UniqueIdentifier>
    </Filter>
    <Filter Include="VisualGDB settings">
      <UniqueIdentifier>{8358fbbb-ab20-4b03-b7f7-8056691f1398}</UniqueIdentifier>
      <Extensions>vgdbsettings</Extensions>
    </Filter>
  </ItemGroup>
  <ItemGroup>
    <None Include="stm32.props">
      <Filter>Source files\Device-specific files</Filter>
    </None>
    <None Include="spring-Debug.vgdbsettings">
      <Filter>VisualGDB settings</Filter>
    </None>
    <None Include="spring-Release.vgdbsettings">
      <Filter>VisualGDB settings</Filter>
    </None>
  </ItemGroup>
  <ItemGroup>
    <Xml Include="stm32.xml">
      <Filter>VisualGDB settings</Filter>
    </Xml>
  </ItemGroup>
  <ItemGroup>
    <ClCompile Include="spring.cpp">
      <Filter>Source files</Filter>
    </ClCompile>
    <ClCompile Include="..\daisyexamples\libDaisy\core\startup_stm32h750xx.c">
      <Filter>Source files</Filter>
    </ClCompile>
    <ClCompile Include="voice.cpp">
      <Filter>Source files</Filter>
    </ClCompile>
    <ClCompile Include="utilities.cpp">
      <Filter>Source files</Filter>
    </ClCompile>
  </ItemGroup>
  <ItemGroup>
    <ClInclude Include="voice.h">
      <Filter>Source files</Filter>
    </ClInclude>
    <ClInclude Include="utilities.h">
      <Filter>Source files</Filter>
    </ClInclude>
  </ItemGroup>
</Project>